{
    "version": 3,
    "terraform_version": "0.10.6",
    "serial": 2,
    "lineage": "54ff5824-2556-472a-b223-4b9adf3cc9c6",
    "modules": [
        {
            "path": [
                "root"
            ],
            "outputs": {},
            "resources": {},
            "depends_on": []
        },
        {
            "path": [
                "root",
                "ecs"
            ],
            "outputs": {},
            "resources": {
                "aws_ecs_cluster.cluster": {
                    "type": "aws_ecs_cluster",
                    "depends_on": [],
                    "primary": {
                        "id": "arn:aws:ecs:us-west-2:231938700547:cluster/my-cluster",
                        "attributes": {
                            "id": "arn:aws:ecs:us-west-2:231938700547:cluster/my-cluster",
                            "name": "my-cluster"
                        },
                        "meta": {},
                        "tainted": false
                    },
                    "deposed": [],
                    "provider": ""
                },
                "aws_ecs_service.test_service": {
                    "type": "aws_ecs_service",
                    "depends_on": [
                        "aws_ecs_cluster.cluster",
                        "aws_ecs_task_definition.task_def"
                    ],
                    "primary": {
                        "id": "arn:aws:ecs:us-west-2:231938700547:service/my-service",
                        "attributes": {
                            "cluster": "arn:aws:ecs:us-west-2:231938700547:cluster/my-cluster",
                            "deployment_maximum_percent": "200",
                            "deployment_minimum_healthy_percent": "100",
                            "desired_count": "1",
                            "id": "arn:aws:ecs:us-west-2:231938700547:service/my-service",
                            "name": "my-service",
                            "placement_constraints.#": "0",
                            "placement_strategy.#": "0",
                            "task_definition": "arn:aws:ecs:us-west-2:231938700547:task-definition/my-task:2"
                        },
                        "meta": {},
                        "tainted": false
                    },
                    "deposed": [],
                    "provider": ""
                },
                "aws_ecs_task_definition.task_def": {
                    "type": "aws_ecs_task_definition",
                    "depends_on": [],
                    "primary": {
                        "id": "my-task",
                        "attributes": {
                            "arn": "arn:aws:ecs:us-west-2:231938700547:task-definition/my-task:2",
                            "container_definitions": "68dd617851077f080ebd950e7de55bc785136dfe",
                            "family": "my-task",
                            "id": "my-task",
                            "network_mode": "",
                            "placement_constraints.#": "0",
                            "revision": "2",
                            "task_role_arn": ""
                        },
                        "meta": {},
                        "tainted": false
                    },
                    "deposed": [],
                    "provider": ""
                },
                "aws_iam_role_policy_attachment.ecs_ec2_role": {
                    "type": "aws_iam_role_policy_attachment",
                    "depends_on": [
                        "data.aws_iam_role.ecs_instance_role"
                    ],
                    "primary": {
                        "id": "ecsInstanceRole-20171005110013171500000002",
                        "attributes": {
                            "id": "ecsInstanceRole-20171005110013171500000002",
                            "policy_arn": "arn:aws:iam::aws:policy/service-role/AmazonEC2ContainerServiceforEC2Role",
                            "role": "ecsInstanceRole"
                        },
                        "meta": {},
                        "tainted": false
                    },
                    "deposed": [],
                    "provider": ""
                },
                "data.aws_iam_role.ecs_instance_role": {
                    "type": "aws_iam_role",
                    "depends_on": [],
                    "primary": {
                        "id": "ecsInstanceRole",
                        "attributes": {
                            "arn": "arn:aws:iam::231938700547:role/ecsInstanceRole",
                            "assume_role_policy": "{\"Version\":\"2008-10-17\",\"Statement\":[{\"Sid\":\"\",\"Effect\":\"Allow\",\"Principal\":{\"Service\":\"ec2.amazonaws.com\"},\"Action\":\"sts:AssumeRole\"}]}",
                            "assume_role_policy_document": "{\"Version\":\"2008-10-17\",\"Statement\":[{\"Sid\":\"\",\"Effect\":\"Allow\",\"Principal\":{\"Service\":\"ec2.amazonaws.com\"},\"Action\":\"sts:AssumeRole\"}]}",
                            "create_date": "2016-08-10T09:48:02Z",
                            "id": "ecsInstanceRole",
                            "name": "ecsInstanceRole",
                            "path": "/",
                            "role_id": "AROAIU42MB3UWTKYHFP3C",
                            "unique_id": "AROAIU42MB3UWTKYHFP3C"
                        },
                        "meta": {},
                        "tainted": false
                    },
                    "deposed": [],
                    "provider": ""
                }
            },
            "depends_on": []
        },
        {
            "path": [
                "root",
                "ecs",
                "ecr"
            ],
            "outputs": {},
            "resources": {},
            "depends_on": []
        }
    ]
}
